// !$*UTF8*$!
{
	archiveVersion = 1;
	classes = {
	};
	objectVersion = 48;
	objects = {

/* Begin PBXBuildFile section */
		51FDAAE0208F4DD600F551E1 /* AppDelegate.swift in Sources */ = {isa = PBXBuildFile; fileRef = 51FDAADF208F4DD600F551E1 /* AppDelegate.swift */; };
		51FDAAE2208F4DD600F551E1 /* ViewController.swift in Sources */ = {isa = PBXBuildFile; fileRef = 51FDAAE1208F4DD600F551E1 /* ViewController.swift */; };
		51FDAAE5208F4DD600F551E1 /* Main.storyboard in Resources */ = {isa = PBXBuildFile; fileRef = 51FDAAE3208F4DD600F551E1 /* Main.storyboard */; };
		51FDAAE7208F4DD600F551E1 /* Assets.xcassets in Resources */ = {isa = PBXBuildFile; fileRef = 51FDAAE6208F4DD600F551E1 /* Assets.xcassets */; };
		51FDAAEA208F4DD600F551E1 /* LaunchScreen.storyboard in Resources */ = {isa = PBXBuildFile; fileRef = 51FDAAE8208F4DD600F551E1 /* LaunchScreen.storyboard */; };
		51FDAAF5208F4DD600F551E1 /* CoreLocationDemoTests.swift in Sources */ = {isa = PBXBuildFile; fileRef = 51FDAAF4208F4DD600F551E1 /* CoreLocationDemoTests.swift */; };
		51FDAB00208F4DD600F551E1 /* CoreLocationDemoUITests.swift in Sources */ = {isa = PBXBuildFile; fileRef = 51FDAAFF208F4DD600F551E1 /* CoreLocationDemoUITests.swift */; };
		51FDAB0F208F4DEC00F551E1 /* FetchLocationSingleton.swift in Sources */ = {isa = PBXBuildFile; fileRef = 51FDAB0E208F4DEC00F551E1 /* FetchLocationSingleton.swift */; };
/* End PBXBuildFile section */

/* Begin PBXContainerItemProxy section */
		51FDAAF1208F4DD600F551E1 /* PBXContainerItemProxy */ = {
			isa = PBXContainerItemProxy;
			containerPortal = 51FDAAD4208F4DD600F551E1 /* Project object */;
			proxyType = 1;
			remoteGlobalIDString = 51FDAADB208F4DD600F551E1;
			remoteInfo = CoreLocationDemo;
		};
		51FDAAFC208F4DD600F551E1 /* PBXContainerItemProxy */ = {
			isa = PBXContainerItemProxy;
			containerPortal = 51FDAAD4208F4DD600F551E1 /* Project object */;
			proxyType = 1;
			remoteGlobalIDString = 51FDAADB208F4DD600F551E1;
			remoteInfo = CoreLocationDemo;
		};
/* End PBXContainerItemProxy section */

/* Begin PBXFileReference section */
		51FDAADC208F4DD600F551E1 /* CoreLocationDemo.app */ = {isa = PBXFileReference; explicitFileType = wrapper.application; includeInIndex = 0; path = CoreLocationDemo.app; sourceTree = BUILT_PRODUCTS_DIR; };
		51FDAADF208F4DD600F551E1 /* AppDelegate.swift */ = {isa = PBXFileReference; lastKnownFileType = sourcecode.swift; path = AppDelegate.swift; sourceTree = "<group>"; };
		51FDAAE1208F4DD600F551E1 /* ViewController.swift */ = {isa = PBXFileReference; lastKnownFileType = sourcecode.swift; path = ViewController.swift; sourceTree = "<group>"; };
		51FDAAE4208F4DD600F551E1 /* Base */ = {isa = PBXFileReference; lastKnownFileType = file.storyboard; name = Base; path = Base.lproj/Main.storyboard; sourceTree = "<group>"; };
		51FDAAE6208F4DD600F551E1 /* Assets.xcassets */ = {isa = PBXFileReference; lastKnownFileType = folder.assetcatalog; path = Assets.xcassets; sourceTree = "<group>"; };
		51FDAAE9208F4DD600F551E1 /* Base */ = {isa = PBXFileReference; lastKnownFileType = file.storyboard; name = Base; path = Base.lproj/LaunchScreen.storyboard; sourceTree = "<group>"; };
		51FDAAEB208F4DD600F551E1 /* Info.plist */ = {isa = PBXFileReference; lastKnownFileType = text.plist.xml; path = Info.plist; sourceTree = "<group>"; };
		51FDAAF0208F4DD600F551E1 /* CoreLocationDemoTests.xctest */ = {isa = PBXFileReference; explicitFileType = wrapper.cfbundle; includeInIndex = 0; path = CoreLocationDemoTests.xctest; sourceTree = BUILT_PRODUCTS_DIR; };
		51FDAAF4208F4DD600F551E1 /* CoreLocationDemoTests.swift */ = {isa = PBXFileReference; lastKnownFileType = sourcecode.swift; path = CoreLocationDemoTests.swift; sourceTree = "<group>"; };
		51FDAAF6208F4DD600F551E1 /* Info.plist */ = {isa = PBXFileReference; lastKnownFileType = text.plist.xml; path = Info.plist; sourceTree = "<group>"; };
		51FDAAFB208F4DD600F551E1 /* CoreLocationDemoUITests.xctest */ = {isa = PBXFileReference; explicitFileType = wrapper.cfbundle; includeInIndex = 0; path = CoreLocationDemoUITests.xctest; sourceTree = BUILT_PRODUCTS_DIR; };
		51FDAAFF208F4DD600F551E1 /* CoreLocationDemoUITests.swift */ = {isa = PBXFileReference; lastKnownFileType = sourcecode.swift; path = CoreLocationDemoUITests.swift; sourceTree = "<group>"; };
		51FDAB01208F4DD600F551E1 /* Info.plist */ = {isa = PBXFileReference; lastKnownFileType = text.plist.xml; path = Info.plist; sourceTree = "<group>"; };
		51FDAB0E208F4DEC00F551E1 /* FetchLocationSingleton.swift */ = {isa = PBXFileReference; fileEncoding = 4; lastKnownFileType = sourcecode.swift; path = FetchLocationSingleton.swift; sourceTree = "<group>"; };
/* End PBXFileReference section */

/* Begin PBXFrameworksBuildPhase section */
		51FDAAD9208F4DD600F551E1 /* Frameworks */ = {
			isa = PBXFrameworksBuildPhase;
			buildActionMask = 2147483647;
			files = (
			);
			runOnlyForDeploymentPostprocessing = 0;
		};
		51FDAAED208F4DD600F551E1 /* Frameworks */ = {
			isa = PBXFrameworksBuildPhase;
			buildActionMask = 2147483647;
			files = (
			);
			runOnlyForDeploymentPostprocessing = 0;
		};
		51FDAAF8208F4DD600F551E1 /* Frameworks */ = {
			isa = PBXFrameworksBuildPhase;
			buildActionMask = 2147483647;
			files = (
			);
			runOnlyForDeploymentPostprocessing = 0;
		};
/* End PBXFrameworksBuildPhase section */

/* Begin PBXGroup section */
		51FDAAD3208F4DD600F551E1 = {
			isa = PBXGroup;
			children = (
				51FDAADE208F4DD600F551E1 /* CoreLocationDemo */,
				51FDAAF3208F4DD600F551E1 /* CoreLocationDemoTests */,
				51FDAAFE208F4DD600F551E1 /* CoreLocationDemoUITests */,
				51FDAADD208F4DD600F551E1 /* Products */,
			);
			sourceTree = "<group>";
		};
		51FDAADD208F4DD600F551E1 /* Products */ = {
			isa = PBXGroup;
			children = (
				51FDAADC208F4DD600F551E1 /* CoreLocationDemo.app */,
				51FDAAF0208F4DD600F551E1 /* CoreLocationDemoTests.xctest */,
				51FDAAFB208F4DD600F551E1 /* CoreLocationDemoUITests.xctest */,
			);
			name = Products;
			sourceTree = "<group>";
		};
		51FDAADE208F4DD600F551E1 /* CoreLocationDemo */ = {
			isa = PBXGroup;
			children = (
				51FDAB0D208F4DEC00F551E1 /* CurrentLocationSingleton */,
				51FDAADF208F4DD600F551E1 /* AppDelegate.swift */,
				51FDAAE1208F4DD600F551E1 /* ViewController.swift */,
				51FDAAE3208F4DD600F551E1 /* Main.storyboard */,
				51FDAAE6208F4DD600F551E1 /* Assets.xcassets */,
				51FDAAE8208F4DD600F551E1 /* LaunchScreen.storyboard */,
				51FDAAEB208F4DD600F551E1 /* Info.plist */,
			);
			path = CoreLocationDemo;
			sourceTree = "<group>";
		};
		51FDAAF3208F4DD600F551E1 /* CoreLocationDemoTests */ = {
			isa = PBXGroup;
			children = (
				51FDAAF4208F4DD600F551E1 /* CoreLocationDemoTests.swift */,
				51FDAAF6208F4DD600F551E1 /* Info.plist */,
			);
			path = CoreLocationDemoTests;
			sourceTree = "<group>";
		};
		51FDAAFE208F4DD600F551E1 /* CoreLocationDemoUITests */ = {
			isa = PBXGroup;
			children = (
				51FDAAFF208F4DD600F551E1 /* CoreLocationDemoUITests.swift */,
				51FDAB01208F4DD600F551E1 /* Info.plist */,
			);
			path = CoreLocationDemoUITests;
			sourceTree = "<group>";
		};
		51FDAB0D208F4DEC00F551E1 /* CurrentLocationSingleton */ = {
			isa = PBXGroup;
			children = (
				51FDAB0E208F4DEC00F551E1 /* FetchLocationSingleton.swift */,
			);
			path = CurrentLocationSingleton;
			sourceTree = "<group>";
		};
/* End PBXGroup section */

/* Begin PBXNativeTarget section */
		51FDAADB208F4DD600F551E1 /* CoreLocationDemo */ = {
			isa = PBXNativeTarget;
			buildConfigurationList = 51FDAB04208F4DD600F551E1 /* Build configuration list for PBXNativeTarget "CoreLocationDemo" */;
			buildPhases = (
				51FDAAD8208F4DD600F551E1 /* Sources */,
				51FDAAD9208F4DD600F551E1 /* Frameworks */,
				51FDAADA208F4DD600F551E1 /* Resources */,
			);
			buildRules = (
			);
			dependencies = (
			);
			name = CoreLocationDemo;
			productName = CoreLocationDemo;
			productReference = 51FDAADC208F4DD600F551E1 /* CoreLocationDemo.app */;
			productType = "com.apple.product-type.application";
		};
		51FDAAEF208F4DD600F551E1 /* CoreLocationDemoTests */ = {
			isa = PBXNativeTarget;
			buildConfigurationList = 51FDAB07208F4DD600F551E1 /* Build configuration list for PBXNativeTarget "CoreLocationDemoTests" */;
			buildPhases = (
				51FDAAEC208F4DD600F551E1 /* Sources */,
				51FDAAED208F4DD600F551E1 /* Frameworks */,
				51FDAAEE208F4DD600F551E1 /* Resources */,
			);
			buildRules = (
			);
			dependencies = (
				51FDAAF2208F4DD600F551E1 /* PBXTargetDependency */,
			);
			name = CoreLocationDemoTests;
			productName = CoreLocationDemoTests;
			productReference = 51FDAAF0208F4DD600F551E1 /* CoreLocationDemoTests.xctest */;
			productType = "com.apple.product-type.bundle.unit-test";
		};
		51FDAAFA208F4DD600F551E1 /* CoreLocationDemoUITests */ = {
			isa = PBXNativeTarget;
			buildConfigurationList = 51FDAB0A208F4DD600F551E1 /* Build configuration list for PBXNativeTarget "CoreLocationDemoUITests" */;
			buildPhases = (
				51FDAAF7208F4DD600F551E1 /* Sources */,
				51FDAAF8208F4DD600F551E1 /* Frameworks */,
				51FDAAF9208F4DD600F551E1 /* Resources */,
			);
			buildRules = (
			);
			dependencies = (
				51FDAAFD208F4DD600F551E1 /* PBXTargetDependency */,
			);
			name = CoreLocationDemoUITests;
			productName = CoreLocationDemoUITests;
			productReference = 51FDAAFB208F4DD600F551E1 /* CoreLocationDemoUITests.xctest */;
			productType = "com.apple.product-type.bundle.ui-testing";
		};
/* End PBXNativeTarget section */

/* Begin PBXProject section */
		51FDAAD4208F4DD600F551E1 /* Project object */ = {
			isa = PBXProject;
			attributes = {
				LastSwiftUpdateCheck = 0920;
				LastUpgradeCheck = 0920;
				ORGANIZATIONNAME = osvinuser;
				TargetAttributes = {
					51FDAADB208F4DD600F551E1 = {
						CreatedOnToolsVersion = 9.2;
						ProvisioningStyle = Automatic;
					};
					51FDAAEF208F4DD600F551E1 = {
						CreatedOnToolsVersion = 9.2;
						ProvisioningStyle = Automatic;
						TestTargetID = 51FDAADB208F4DD600F551E1;
					};
					51FDAAFA208F4DD600F551E1 = {
						CreatedOnToolsVersion = 9.2;
						ProvisioningStyle = Automatic;
						TestTargetID = 51FDAADB208F4DD600F551E1;
					};
				};
			};
			buildConfigurationList = 51FDAAD7208F4DD600F551E1 /* Build configuration list for PBXProject "CoreLocationDemo" */;
			compatibilityVersion = "Xcode 8.0";
			developmentRegion = en;
			hasScannedForEncodings = 0;
			knownRegions = (
				en,
				Base,
			);
			mainGroup = 51FDAAD3208F4DD600F551E1;
			productRefGroup = 51FDAADD208F4DD600F551E1 /* Products */;
			projectDirPath = "";
			projectRoot = "";
			targets = (
				51FDAADB208F4DD600F551E1 /* CoreLocationDemo */,
				51FDAAEF208F4DD600F551E1 /* CoreLocationDemoTests */,
				51FDAAFA208F4DD600F551E1 /* CoreLocationDemoUITests */,
			);
		};
/* End PBXProject section */

/* Begin PBXResourcesBuildPhase section */
		51FDAADA208F4DD600F551E1 /* Resources */ = {
			isa = PBXResourcesBuildPhase;
			buildActionMask = 2147483647;
			files = (
				51FDAAEA208F4DD600F551E1 /* LaunchScreen.storyboard in Resources */,
				51FDAAE7208F4DD600F551E1 /* Assets.xcassets in Resources */,
				51FDAAE5208F4DD600F551E1 /* Main.storyboard in Resources */,
			);
			runOnlyForDeploymentPostprocessing = 0;
		};
		51FDAAEE208F4DD600F551E1 /* Resources */ = {
			isa = PBXResourcesBuildPhase;
			buildActionMask = 2147483647;
			files = (
			);
			runOnlyForDeploymentPostprocessing = 0;
		};
		51FDAAF9208F4DD600F551E1 /* Resources */ = {
			isa = PBXResourcesBuildPhase;
			buildActionMask = 2147483647;
			files = (
			);
			runOnlyForDeploymentPostprocessing = 0;
		};
/* End PBXResourcesBuildPhase section */

/* Begin PBXSourcesBuildPhase section */
		51FDAAD8208F4DD600F551E1 /* Sources */ = {
			isa = PBXSourcesBuildPhase;
			buildActionMask = 2147483647;
			files = (
				51FDAAE2208F4DD600F551E1 /* ViewController.swift in Sources */,
				51FDAAE0208F4DD600F551E1 /* AppDelegate.swift in Sources */,
				51FDAB0F208F4DEC00F551E1 /* FetchLocationSingleton.swift in Sources */,
			);
			runOnlyForDeploymentPostprocessing = 0;
		};
		51FDAAEC208F4DD600F551E1 /* Sources */ = {
			isa = PBXSourcesBuildPhase;
			buildActionMask = 2147483647;
			files = (
				51FDAAF5208F4DD600F551E1 /* CoreLocationDemoTests.swift in Sources */,
			);
			runOnlyForDeploymentPostprocessing = 0;
		};
		51FDAAF7208F4DD600F551E1 /* Sources */ = {
			isa = PBXSourcesBuildPhase;
			buildActionMask = 2147483647;
			files = (
				51FDAB00208F4DD600F551E1 /* CoreLocationDemoUITests.swift in Sources */,
			);
			runOnlyForDeploymentPostprocessing = 0;
		};
/* End PBXSourcesBuildPhase section */

/* Begin PBXTargetDependency section */
		51FDAAF2208F4DD600F551E1 /* PBXTargetDependency */ = {
			isa = PBXTargetDependency;
			target = 51FDAADB208F4DD600F551E1 /* CoreLocationDemo */;
			targetProxy = 51FDAAF1208F4DD600F551E1 /* PBXContainerItemProxy */;
		};
		51FDAAFD208F4DD600F551E1 /* PBXTargetDependency */ = {
			isa = PBXTargetDependency;
			target = 51FDAADB208F4DD600F551E1 /* CoreLocationDemo */;
			targetProxy = 51FDAAFC208F4DD600F551E1 /* PBXContainerItemProxy */;
		};
/* End PBXTargetDependency section */

/* Begin PBXVariantGroup section */
		51FDAAE3208F4DD600F551E1 /* Main.storyboard */ = {
			isa = PBXVariantGroup;
			children = (
				51FDAAE4208F4DD600F551E1 /* Base */,
			);
			name = Main.storyboard;
			sourceTree = "<group>";
		};
		51FDAAE8208F4DD600F551E1 /* LaunchScreen.storyboard */ = {
			isa = PBXVariantGroup;
			children = (
				51FDAAE9208F4DD600F551E1 /* Base */,
			);
			name = LaunchScreen.storyboard;
			sourceTree = "<group>";
		};
/* End PBXVariantGroup section */

/* Begin XCBuildConfiguration section */
		51FDAB02208F4DD600F551E1 /* Debug */ = {
			isa = XCBuildConfiguration;
			buildSettings = {
				ALWAYS_SEARCH_USER_PATHS = NO;
				CLANG_ANALYZER_NONNULL = YES;
				CLANG_ANALYZER_NUMBER_OBJECT_CONVERSION = YES_AGGRESSIVE;
				CLANG_CXX_LANGUAGE_STANDARD = "gnu++14";
				CLANG_CXX_LIBRARY = "libc++";
				CLANG_ENABLE_MODULES = YES;
				CLANG_ENABLE_OBJC_ARC = YES;
				CLANG_WARN_BLOCK_CAPTURE_AUTORELEASING = YES;
				CLANG_WARN_BOOL_CONVERSION = YES;
				CLANG_WARN_COMMA = YES;
				CLANG_WARN_CONSTANT_CONVERSION = YES;
				CLANG_WARN_DIRECT_OBJC_ISA_USAGE = YES_ERROR;
				CLANG_WARN_DOCUMENTATION_COMMENTS = YES;
				CLANG_WARN_EMPTY_BODY = YES;
				CLANG_WARN_ENUM_CONVERSION = YES;
				CLANG_WARN_INFINITE_RECURSION = YES;
				CLANG_WARN_INT_CONVERSION = YES;
				CLANG_WARN_NON_LITERAL_NULL_CONVERSION = YES;
				CLANG_WARN_OBJC_LITERAL_CONVERSION = YES;
				CLANG_WARN_OBJC_ROOT_CLASS = YES_ERROR;
				CLANG_WARN_RANGE_LOOP_ANALYSIS = YES;
				CLANG_WARN_STRICT_PROTOTYPES = YES;
				CLANG_WARN_SUSPICIOUS_MOVE = YES;
				CLANG_WARN_UNGUARDED_AVAILABILITY = YES_AGGRESSIVE;
				CLANG_WARN_UNREACHABLE_CODE = YES;
				CLANG_WARN__DUPLICATE_METHOD_MATCH = YES;
				CODE_SIGN_IDENTITY = "iPhone Developer";
				COPY_PHASE_STRIP = NO;
				DEBUG_INFORMATION_FORMAT = dwarf;
				ENABLE_STRICT_OBJC_MSGSEND = YES;
				ENABLE_TESTABILITY = YES;
				GCC_C_LANGUAGE_STANDARD = gnu11;
				GCC_DYNAMIC_NO_PIC = NO;
				GCC_NO_COMMON_BLOCKS = YES;
				GCC_OPTIMIZATION_LEVEL = 0;
				GCC_PREPROCESSOR_DEFINITIONS = (
					"DEBUG=1",
					"$(inherited)",
				);
				GCC_WARN_64_TO_32_BIT_CONVERSION = YES;
				GCC_WARN_ABOUT_RETURN_TYPE = YES_ERROR;
				GCC_WARN_UNDECLARED_SELECTOR = YES;
				GCC_WARN_UNINITIALIZED_AUTOS = YES_AGGRESSIVE;
				GCC_WARN_UNUSED_FUNCTION = YES;
				GCC_WARN_UNUSED_VARIABLE = YES;
				IPHONEOS_DEPLOYMENT_TARGET = 11.2;
				MTL_ENABLE_DEBUG_INFO = YES;
				ONLY_ACTIVE_ARCH = YES;
				SDKROOT = iphoneos;
				SWIFT_ACTIVE_COMPILATION_CONDITIONS = DEBUG;
				SWIFT_OPTIMIZATION_LEVEL = "-Onone";
			};
			name = Debug;
		};
		51FDAB03208F4DD600F551E1 /* Release */ = {
			isa = XCBuildConfiguration;
			buildSettings = {
				ALWAYS_SEARCH_USER_PATHS = NO;
				CLANG_ANALYZER_NONNULL = YES;
				CLANG_ANALYZER_NUMBER_OBJECT_CONVERSION = YES_AGGRESSIVE;
				CLANG_CXX_LANGUAGE_STANDARD = "gnu++14";
				CLANG_CXX_LIBRARY = "libc++";
				CLANG_ENABLE_MODULES = YES;
				CLANG_ENABLE_OBJC_ARC = YES;
				CLANG_WARN_BLOCK_CAPTURE_AUTORELEASING = YES;
				CLANG_WARN_BOOL_CONVERSION = YES;
				CLANG_WARN_COMMA = YES;
				CLANG_WARN_CONSTANT_CONVERSION = YES;
				CLANG_WARN_DIRECT_OBJC_ISA_USAGE = YES_ERROR;
				CLANG_WARN_DOCUMENTATION_COMMENTS = YES;
				CLANG_WARN_EMPTY_BODY = YES;
				CLANG_WARN_ENUM_CONVERSION = YES;
				CLANG_WARN_INFINITE_RECURSION = YES;
				CLANG_WARN_INT_CONVERSION = YES;
				CLANG_WARN_NON_LITERAL_NULL_CONVERSION = YES;
				CLANG_WARN_OBJC_LITERAL_CONVERSION = YES;
				CLANG_WARN_OBJC_ROOT_CLASS = YES_ERROR;
				CLANG_WARN_RANGE_LOOP_ANALYSIS = YES;
				CLANG_WARN_STRICT_PROTOTYPES = YES;
				CLANG_WARN_SUSPICIOUS_MOVE = YES;
				CLANG_WARN_UNGUARDED_AVAILABILITY = YES_AGGRESSIVE;
				CLANG_WARN_UNREACHABLE_CODE = YES;
				CLANG_WARN__DUPLICATE_METHOD_MATCH = YES;
				CODE_SIGN_IDENTITY = "iPhone Developer";
				COPY_PHASE_STRIP = NO;
				DEBUG_INFORMATION_FORMAT = "dwarf-with-dsym";
				ENABLE_NS_ASSERTIONS = NO;
				ENABLE_STRICT_OBJC_MSGSEND = YES;
				GCC_C_LANGUAGE_STANDARD = gnu11;
				GCC_NO_COMMON_BLOCKS = YES;
				GCC_WARN_64_TO_32_BIT_CONVERSION = YES;
				GCC_WARN_ABOUT_RETURN_TYPE = YES_ERROR;
				GCC_WARN_UNDECLARED_SELECTOR = YES;
				GCC_WARN_UNINITIALIZED_AUTOS = YES_AGGRESSIVE;
				GCC_WARN_UNUSED_FUNCTION = YES;
				GCC_WARN_UNUSED_VARIABLE = YES;
				IPHONEOS_DEPLOYMENT_TARGET = 11.2;
				MTL_ENABLE_DEBUG_INFO = NO;
				SDKROOT = iphoneos;
				SWIFT_OPTIMIZATION_LEVEL = "-Owholemodule";
				VALIDATE_PRODUCT = YES;
			};
			name = Release;
		};
		51FDAB05208F4DD600F551E1 /* Debug */ = {
			isa = XCBuildConfiguration;
			buildSettings = {
				ASSETCATALOG_COMPILER_APPICON_NAME = AppIcon;
				CODE_SIGN_STYLE = Automatic;
				DEVELOPMENT_TEAM = EKPG6XDB36;
				INFOPLIST_FILE = CoreLocationDemo/Info.plist;
				LD_RUNPATH_SEARCH_PATHS = "$(inherited) @executable_path/Frameworks";
				PRODUCT_BUNDLE_IDENTIFIER = com.demo.CoreLocationDemo;
				PRODUCT_NAME = "$(TARGET_NAME)";
				SWIFT_VERSION = 4.0;
				TARGETED_DEVICE_FAMILY = "1,2";
			};
			name = Debug;
		};
		51FDAB06208F4DD600F551E1 /* Release */ = {
			isa = XCBuildConfiguration;
			buildSettings = {
				ASSETCATALOG_COMPILER_APPICON_NAME = AppIcon;
				CODE_SIGN_STYLE = Automatic;
				DEVELOPMENT_TEAM = EKPG6XDB36;
				INFOPLIST_FILE = CoreLocationDemo/Info.plist;
				LD_RUNPATH_SEARCH_PATHS = "$(inherited) @executable_path/Frameworks";
				PRODUCT_BUNDLE_IDENTIFIER = com.demo.CoreLocationDemo;
				PRODUCT_NAME = "$(TARGET_NAME)";
				SWIFT_VERSION = 4.0;
				TARGETED_DEVICE_FAMILY = "1,2";
			};
			name = Release;
		};
		51FDAB08208F4DD600F551E1 /* Debug */ = {
			isa = XCBuildConfiguration;
			buildSettings = {
				ALWAYS_EMBED_SWIFT_STANDARD_LIBRARIES = YES;
				BUNDLE_LOADER = "$(TEST_HOST)";
				CODE_SIGN_STYLE = Automatic;
				DEVELOPMENT_TEAM = EKPG6XDB36;
				INFOPLIST_FILE = CoreLocationDemoTests/Info.plist;
				LD_RUNPATH_SEARCH_PATHS = "$(inherited) @executable_path/Frameworks @loader_path/Frameworks";
				PRODUCT_BUNDLE_IDENTIFIER = com.demo.CoreLocationDemoTests;
				PRODUCT_NAME = "$(TARGET_NAME)";
				SWIFT_VERSION = 4.0;
				TARGETED_DEVICE_FAMILY = "1,2";
				TEST_HOST = "$(BUILT_PRODUCTS_DIR)/CoreLocationDemo.app/CoreLocationDemo";
			};
			name = Debug;
		};
		51FDAB09208F4DD600F551E1 /* Release */ = {
			isa = XCBuildConfiguration;
			buildSettings = {
				ALWAYS_EMBED_SWIFT_STANDARD_LIBRARIES = YES;
				BUNDLE_LOADER = "$(TEST_HOST)";
				CODE_SIGN_STYLE = Automatic;
				DEVELOPMENT_TEAM = EKPG6XDB36;
				INFOPLIST_FILE = CoreLocationDemoTests/Info.plist;
				LD_RUNPATH_SEARCH_PATHS = "$(inherited) @executable_path/Frameworks @loader_path/Frameworks";
				PRODUCT_BUNDLE_IDENTIFIER = com.demo.CoreLocationDemoTests;
				PRODUCT_NAME = "$(TARGET_NAME)";
				SWIFT_VERSION = 4.0;
				TARGETED_DEVICE_FAMILY = "1,2";
				TEST_HOST = "$(BUILT_PRODUCTS_DIR)/CoreLocationDemo.app/CoreLocationDemo";
			};
			name = Release;
		};
		51FDAB0B208F4DD600F551E1 /* Debug */ = {
			isa = XCBuildConfiguration;
			buildSettings = {
				ALWAYS_EMBED_SWIFT_STANDARD_LIBRARIES = YES;
				CODE_SIGN_STYLE = Automatic;
				DEVELOPMENT_TEAM = EKPG6XDB36;
				INFOPLIST_FILE = CoreLocationDemoUITests/Info.plist;
				LD_RUNPATH_SEARCH_PATHS = "$(inherited) @executable_path/Frameworks @loader_path/Frameworks";
				PRODUCT_BUNDLE_IDENTIFIER = com.demo.CoreLocationDemoUITests;
				PRODUCT_NAME = "$(TARGET_NAME)";
				SWIFT_VERSION = 4.0;
				TARGETED_DEVICE_FAMILY = "1,2";
				TEST_TARGET_NAME = CoreLocationDemo;
			};
			name = Debug;
		};
		51FDAB0C208F4DD600F551E1 /* Release */ = {
			isa = XCBuildConfiguration;
			buildSettings = {
				ALWAYS_EMBED_SWIFT_STANDARD_LIBRARIES = YES;
				CODE_SIGN_STYLE = Automatic;
				DEVELOPMENT_TEAM = EKPG6XDB36;
				INFOPLIST_FILE = CoreLocationDemoUITests/Info.plist;
				LD_RUNPATH_SEARCH_PATHS = "$(inherited) @executable_path/Frameworks @loader_path/Frameworks";
				PRODUCT_BUNDLE_IDENTIFIER = com.demo.CoreLocationDemoUITests;
				PRODUCT_NAME = "$(TARGET_NAME)";
				SWIFT_VERSION = 4.0;
				TARGETED_DEVICE_FAMILY = "1,2";
				TEST_TARGET_NAME = CoreLocationDemo;
			};
			name = Release;
		};
/* End XCBuildConfiguration section */

/* Begin XCConfigurationList section */
		51FDAAD7208F4DD600F551E1 /* Build configuration list for PBXProject "CoreLocationDemo" */ = {
			isa = XCConfigurationList;
			buildConfigurations = (
				51FDAB02208F4DD600F551E1 /* Debug */,
				51FDAB03208F4DD600F551E1 /* Release */,
			);
			defaultConfigurationIsVisible = 0;
			defaultConfigurationName = Release;
		};
		51FDAB04208F4DD600F551E1 /* Build configuration list for PBXNativeTarget "CoreLocationDemo" */ = {
			isa = XCConfigurationList;
			buildConfigurations = (
				51FDAB05208F4DD600F551E1 /* Debug */,
				51FDAB06208F4DD600F551E1 /* Release */,
			);
			defaultConfigurationIsVisible = 0;
			defaultConfigurationName = Release;
		};
		51FDAB07208F4DD600F551E1 /* Build configuration list for PBXNativeTarget "CoreLocationDemoTests" */ = {
			isa = XCConfigurationList;
			buildConfigurations = (
				51FDAB08208F4DD600F551E1 /* Debug */,
				51FDAB09208F4DD600F551E1 /* Release */,
			);
			defaultConfigurationIsVisible = 0;
			defaultConfigurationName = Release;
		};
		51FDAB0A208F4DD600F551E1 /* Build configuration list for PBXNativeTarget "CoreLocationDemoUITests" */ = {
			isa = XCConfigurationList;
			buildConfigurations = (
				51FDAB0B208F4DD600F551E1 /* Debug */,
				51FDAB0C208F4DD600F551E1 /* Release */,
			);
			defaultConfigurationIsVisible = 0;
			defaultConfigurationName = Release;
		};
/* End XCConfigurationList section */
	};
	rootObject = 51FDAAD4208F4DD600F551E1 /* Project object */;
}
